
Microsoft Visual Studio Solution File, Format Version 12.00
# Visual Studio Version 17
VisualStudioVersion = 17.0.31903.59
MinimumVisualStudioVersion = 10.0.40219.1
Project("{2150E333-8FDC-42A3-9474-1A3956D46DE8}") = "src", "src", "{96243A00-6ADF-4D76-83E3-48DA580DC9F1}"
EndProject
Project("{9A19103F-16F7-4668-BE54-9A1E7A4F7556}") = "TheCrew.Shared", "src\TheCrew.Shared\TheCrew.Shared.csproj", "{0FB35DEE-E6FD-4A4C-94B3-E7B9A82B5C48}"
EndProject
Project("{9A19103F-16F7-4668-BE54-9A1E7A4F7556}") = "TheCrew.Model", "src\TheCrew.Model\TheCrew.Model.csproj", "{2364B964-8AC8-4AAB-8168-7AF9500368F1}"
EndProject
Project("{9A19103F-16F7-4668-BE54-9A1E7A4F7556}") = "TheCrew.Player", "src\TheCrew.Player\TheCrew.Player.csproj", "{A73E54ED-F535-40A3-941E-7CE919B740FA}"
EndProject
Project("{9A19103F-16F7-4668-BE54-9A1E7A4F7556}") = "TheCrew.Wpf", "src\TheCrew.Wpf\TheCrew.Wpf.csproj", "{33ED1999-79E3-4C99-A9B3-47C6A0BE246B}"
EndProject
Global
	GlobalSection(SolutionConfigurationPlatforms) = preSolution
		Debug|Any CPU = Debug|Any CPU
		Release|Any CPU = Release|Any CPU
	EndGlobalSection
	GlobalSection(ProjectConfigurationPlatforms) = postSolution
		{0FB35DEE-E6FD-4A4C-94B3-E7B9A82B5C48}.Debug|Any CPU.ActiveCfg = Debug|Any CPU
		{0FB35DEE-E6FD-4A4C-94B3-E7B9A82B5C48}.Debug|Any CPU.Build.0 = Debug|Any CPU
		{0FB35DEE-E6FD-4A4C-94B3-E7B9A82B5C48}.Release|Any CPU.ActiveCfg = Release|Any CPU
		{0FB35DEE-E6FD-4A4C-94B3-E7B9A82B5C48}.Release|Any CPU.Build.0 = Release|Any CPU
		{2364B964-8AC8-4AAB-8168-7AF9500368F1}.Debug|Any CPU.ActiveCfg = Debug|Any CPU
		{2364B964-8AC8-4AAB-8168-7AF9500368F1}.Debug|Any CPU.Build.0 = Debug|Any CPU
		{2364B964-8AC8-4AAB-8168-7AF9500368F1}.Release|Any CPU.ActiveCfg = Release|Any CPU
		{2364B964-8AC8-4AAB-8168-7AF9500368F1}.Release|Any CPU.Build.0 = Release|Any CPU
		{A73E54ED-F535-40A3-941E-7CE919B740FA}.Debug|Any CPU.ActiveCfg = Debug|Any CPU
		{A73E54ED-F535-40A3-941E-7CE919B740FA}.Debug|Any CPU.Build.0 = Debug|Any CPU
		{A73E54ED-F535-40A3-941E-7CE919B740FA}.Release|Any CPU.ActiveCfg = Release|Any CPU
		{A73E54ED-F535-40A3-941E-7CE919B740FA}.Release|Any CPU.Build.0 = Release|Any CPU
		{33ED1999-79E3-4C99-A9B3-47C6A0BE246B}.Debug|Any CPU.ActiveCfg = Debug|Any CPU
		{33ED1999-79E3-4C99-A9B3-47C6A0BE246B}.Debug|Any CPU.Build.0 = Debug|Any CPU
		{33ED1999-79E3-4C99-A9B3-47C6A0BE246B}.Release|Any CPU.ActiveCfg = Release|Any CPU
		{33ED1999-79E3-4C99-A9B3-47C6A0BE246B}.Release|Any CPU.Build.0 = Release|Any CPU
	EndGlobalSection
	GlobalSection(SolutionProperties) = preSolution
		HideSolutionNode = FALSE
	EndGlobalSection
	GlobalSection(NestedProjects) = preSolution
		{0FB35DEE-E6FD-4A4C-94B3-E7B9A82B5C48} = {96243A00-6ADF-4D76-83E3-48DA580DC9F1}
		{2364B964-8AC8-4AAB-8168-7AF9500368F1} = {96243A00-6ADF-4D76-83E3-48DA580DC9F1}
		{A73E54ED-F535-40A3-941E-7CE919B740FA} = {96243A00-6ADF-4D76-83E3-48DA580DC9F1}
		{33ED1999-79E3-4C99-A9B3-47C6A0BE246B} = {96243A00-6ADF-4D76-83E3-48DA580DC9F1}
	EndGlobalSection
	GlobalSection(ExtensibilityGlobals) = postSolution
		SolutionGuid = {323CE706-24F8-4BA0-92C0-DE27DB402F58}
	EndGlobalSection
EndGlobal
